// !$*UTF8*$!
{
	archiveVersion = 1;
	classes = {
	};
	objectVersion = 46;
	objects = {

/* Begin PBXBuildFile section */
		271DE3271E1419B2005E90E4 /* AppDelegate.swift in Sources */ = {isa = PBXBuildFile; fileRef = 271DE3261E1419B2005E90E4 /* AppDelegate.swift */; };
		271DE3291E1419B2005E90E4 /* ViewController.swift in Sources */ = {isa = PBXBuildFile; fileRef = 271DE3281E1419B2005E90E4 /* ViewController.swift */; };
		271DE32C1E1419B2005E90E4 /* Main.storyboard in Resources */ = {isa = PBXBuildFile; fileRef = 271DE32A1E1419B2005E90E4 /* Main.storyboard */; };
		271DE32F1E1419B2005E90E4 /* CoreDataSwift3.xcdatamodeld in Sources */ = {isa = PBXBuildFile; fileRef = 271DE32D1E1419B2005E90E4 /* CoreDataSwift3.xcdatamodeld */; };
		271DE3311E1419B2005E90E4 /* Assets.xcassets in Resources */ = {isa = PBXBuildFile; fileRef = 271DE3301E1419B2005E90E4 /* Assets.xcassets */; };
		271DE3341E1419B2005E90E4 /* LaunchScreen.storyboard in Resources */ = {isa = PBXBuildFile; fileRef = 271DE3321E1419B2005E90E4 /* LaunchScreen.storyboard */; };
		271DE33F1E1419B2005E90E4 /* CoreDataSwift3Tests.swift in Sources */ = {isa = PBXBuildFile; fileRef = 271DE33E1E1419B2005E90E4 /* CoreDataSwift3Tests.swift */; };
		271DE34A1E1419B2005E90E4 /* CoreDataSwift3UITests.swift in Sources */ = {isa = PBXBuildFile; fileRef = 271DE3491E1419B2005E90E4 /* CoreDataSwift3UITests.swift */; };
/* End PBXBuildFile section */

/* Begin PBXContainerItemProxy section */
		271DE33B1E1419B2005E90E4 /* PBXContainerItemProxy */ = {
			isa = PBXContainerItemProxy;
			containerPortal = 271DE31B1E1419B1005E90E4 /* Project object */;
			proxyType = 1;
			remoteGlobalIDString = 271DE3221E1419B1005E90E4;
			remoteInfo = CoreDataSwift3;
		};
		271DE3461E1419B2005E90E4 /* PBXContainerItemProxy */ = {
			isa = PBXContainerItemProxy;
			containerPortal = 271DE31B1E1419B1005E90E4 /* Project object */;
			proxyType = 1;
			remoteGlobalIDString = 271DE3221E1419B1005E90E4;
			remoteInfo = CoreDataSwift3;
		};
/* End PBXContainerItemProxy section */

/* Begin PBXFileReference section */
		271DE3231E1419B2005E90E4 /* CoreDataSwift3.app */ = {isa = PBXFileReference; explicitFileType = wrapper.application; includeInIndex = 0; path = CoreDataSwift3.app; sourceTree = BUILT_PRODUCTS_DIR; };
		271DE3261E1419B2005E90E4 /* AppDelegate.swift */ = {isa = PBXFileReference; lastKnownFileType = sourcecode.swift; path = AppDelegate.swift; sourceTree = "<group>"; };
		271DE3281E1419B2005E90E4 /* ViewController.swift */ = {isa = PBXFileReference; lastKnownFileType = sourcecode.swift; path = ViewController.swift; sourceTree = "<group>"; };
		271DE32B1E1419B2005E90E4 /* Base */ = {isa = PBXFileReference; lastKnownFileType = file.storyboard; name = Base; path = Base.lproj/Main.storyboard; sourceTree = "<group>"; };
		271DE32E1E1419B2005E90E4 /* CoreDataSwift3.xcdatamodel */ = {isa = PBXFileReference; lastKnownFileType = wrapper.xcdatamodel; path = CoreDataSwift3.xcdatamodel; sourceTree = "<group>"; };
		271DE3301E1419B2005E90E4 /* Assets.xcassets */ = {isa = PBXFileReference; lastKnownFileType = folder.assetcatalog; path = Assets.xcassets; sourceTree = "<group>"; };
		271DE3331E1419B2005E90E4 /* Base */ = {isa = PBXFileReference; lastKnownFileType = file.storyboard; name = Base; path = Base.lproj/LaunchScreen.storyboard; sourceTree = "<group>"; };
		271DE3351E1419B2005E90E4 /* Info.plist */ = {isa = PBXFileReference; lastKnownFileType = text.plist.xml; path = Info.plist; sourceTree = "<group>"; };
		271DE33A1E1419B2005E90E4 /* CoreDataSwift3Tests.xctest */ = {isa = PBXFileReference; explicitFileType = wrapper.cfbundle; includeInIndex = 0; path = CoreDataSwift3Tests.xctest; sourceTree = BUILT_PRODUCTS_DIR; };
		271DE33E1E1419B2005E90E4 /* CoreDataSwift3Tests.swift */ = {isa = PBXFileReference; lastKnownFileType = sourcecode.swift; path = CoreDataSwift3Tests.swift; sourceTree = "<group>"; };
		271DE3401E1419B2005E90E4 /* Info.plist */ = {isa = PBXFileReference; lastKnownFileType = text.plist.xml; path = Info.plist; sourceTree = "<group>"; };
		271DE3451E1419B2005E90E4 /* CoreDataSwift3UITests.xctest */ = {isa = PBXFileReference; explicitFileType = wrapper.cfbundle; includeInIndex = 0; path = CoreDataSwift3UITests.xctest; sourceTree = BUILT_PRODUCTS_DIR; };
		271DE3491E1419B2005E90E4 /* CoreDataSwift3UITests.swift */ = {isa = PBXFileReference; lastKnownFileType = sourcecode.swift; path = CoreDataSwift3UITests.swift; sourceTree = "<group>"; };
		271DE34B1E1419B2005E90E4 /* Info.plist */ = {isa = PBXFileReference; lastKnownFileType = text.plist.xml; path = Info.plist; sourceTree = "<group>"; };
/* End PBXFileReference section */

/* Begin PBXFrameworksBuildPhase section */
		271DE3201E1419B1005E90E4 /* Frameworks */ = {
			isa = PBXFrameworksBuildPhase;
			buildActionMask = 2147483647;
			files = (
			);
			runOnlyForDeploymentPostprocessing = 0;
		};
		271DE3371E1419B2005E90E4 /* Frameworks */ = {
			isa = PBXFrameworksBuildPhase;
			buildActionMask = 2147483647;
			files = (
			);
			runOnlyForDeploymentPostprocessing = 0;
		};
		271DE3421E1419B2005E90E4 /* Frameworks */ = {
			isa = PBXFrameworksBuildPhase;
			buildActionMask = 2147483647;
			files = (
			);
			runOnlyForDeploymentPostprocessing = 0;
		};
/* End PBXFrameworksBuildPhase section */

/* Begin PBXGroup section */
		271DE31A1E1419B1005E90E4 = {
			isa = PBXGroup;
			children = (
				271DE3251E1419B2005E90E4 /* CoreDataSwift3 */,
				271DE33D1E1419B2005E90E4 /* CoreDataSwift3Tests */,
				271DE3481E1419B2005E90E4 /* CoreDataSwift3UITests */,
				271DE3241E1419B2005E90E4 /* Products */,
			);
			sourceTree = "<group>";
		};
		271DE3241E1419B2005E90E4 /* Products */ = {
			isa = PBXGroup;
			children = (
				271DE3231E1419B2005E90E4 /* CoreDataSwift3.app */,
				271DE33A1E1419B2005E90E4 /* CoreDataSwift3Tests.xctest */,
				271DE3451E1419B2005E90E4 /* CoreDataSwift3UITests.xctest */,
			);
			name = Products;
			sourceTree = "<group>";
		};
		271DE3251E1419B2005E90E4 /* CoreDataSwift3 */ = {
			isa = PBXGroup;
			children = (
				271DE3261E1419B2005E90E4 /* AppDelegate.swift */,
				271DE3281E1419B2005E90E4 /* ViewController.swift */,
				271DE32A1E1419B2005E90E4 /* Main.storyboard */,
				271DE3301E1419B2005E90E4 /* Assets.xcassets */,
				271DE3321E1419B2005E90E4 /* LaunchScreen.storyboard */,
				271DE3351E1419B2005E90E4 /* Info.plist */,
				271DE32D1E1419B2005E90E4 /* CoreDataSwift3.xcdatamodeld */,
			);
			path = CoreDataSwift3;
			sourceTree = "<group>";
		};
		271DE33D1E1419B2005E90E4 /* CoreDataSwift3Tests */ = {
			isa = PBXGroup;
			children = (
				271DE33E1E1419B2005E90E4 /* CoreDataSwift3Tests.swift */,
				271DE3401E1419B2005E90E4 /* Info.plist */,
			);
			path = CoreDataSwift3Tests;
			sourceTree = "<group>";
		};
		271DE3481E1419B2005E90E4 /* CoreDataSwift3UITests */ = {
			isa = PBXGroup;
			children = (
				271DE3491E1419B2005E90E4 /* CoreDataSwift3UITests.swift */,
				271DE34B1E1419B2005E90E4 /* Info.plist */,
			);
			path = CoreDataSwift3UITests;
			sourceTree = "<group>";
		};
/* End PBXGroup section */

/* Begin PBXNativeTarget section */
		271DE3221E1419B1005E90E4 /* CoreDataSwift3 */ = {
			isa = PBXNativeTarget;
			buildConfigurationList = 271DE34E1E1419B2005E90E4 /* Build configuration list for PBXNativeTarget "CoreDataSwift3" */;
			buildPhases = (
				271DE31F1E1419B1005E90E4 /* Sources */,
				271DE3201E1419B1005E90E4 /* Frameworks */,
				271DE3211E1419B1005E90E4 /* Resources */,
			);
			buildRules = (
			);
			dependencies = (
			);
			name = CoreDataSwift3;
			productName = CoreDataSwift3;
			productReference = 271DE3231E1419B2005E90E4 /* CoreDataSwift3.app */;
			productType = "com.apple.product-type.application";
		};
		271DE3391E1419B2005E90E4 /* CoreDataSwift3Tests */ = {
			isa = PBXNativeTarget;
			buildConfigurationList = 271DE3511E1419B2005E90E4 /* Build configuration list for PBXNativeTarget "CoreDataSwift3Tests" */;
			buildPhases = (
				271DE3361E1419B2005E90E4 /* Sources */,
				271DE3371E1419B2005E90E4 /* Frameworks */,
				271DE3381E1419B2005E90E4 /* Resources */,
			);
			buildRules = (
			);
			dependencies = (
				271DE33C1E1419B2005E90E4 /* PBXTargetDependency */,
			);
			name = CoreDataSwift3Tests;
			productName = CoreDataSwift3Tests;
			productReference = 271DE33A1E1419B2005E90E4 /* CoreDataSwift3Tests.xctest */;
			productType = "com.apple.product-type.bundle.unit-test";
		};
		271DE3441E1419B2005E90E4 /* CoreDataSwift3UITests */ = {
			isa = PBXNativeTarget;
			buildConfigurationList = 271DE3541E1419B2005E90E4 /* Build configuration list for PBXNativeTarget "CoreDataSwift3UITests" */;
			buildPhases = (
				271DE3411E1419B2005E90E4 /* Sources */,
				271DE3421E1419B2005E90E4 /* Frameworks */,
				271DE3431E1419B2005E90E4 /* Resources */,
			);
			buildRules = (
			);
			dependencies = (
				271DE3471E1419B2005E90E4 /* PBXTargetDependency */,
			);
			name = CoreDataSwift3UITests;
			productName = CoreDataSwift3UITests;
			productReference = 271DE3451E1419B2005E90E4 /* CoreDataSwift3UITests.xctest */;
			productType = "com.apple.product-type.bundle.ui-testing";
		};
/* End PBXNativeTarget section */

/* Begin PBXProject section */
		271DE31B1E1419B1005E90E4 /* Project object */ = {
			isa = PBXProject;
			attributes = {
				LastSwiftUpdateCheck = 0820;
				LastUpgradeCheck = 0820;
				ORGANIZATIONNAME = "Chappy-App";
				TargetAttributes = {
					271DE3221E1419B1005E90E4 = {
						CreatedOnToolsVersion = 8.2.1;
						DevelopmentTeam = 4WU9L65MXB;
						ProvisioningStyle = Automatic;
					};
					271DE3391E1419B2005E90E4 = {
						CreatedOnToolsVersion = 8.2.1;
						DevelopmentTeam = 4WU9L65MXB;
						ProvisioningStyle = Automatic;
						TestTargetID = 271DE3221E1419B1005E90E4;
					};
					271DE3441E1419B2005E90E4 = {
						CreatedOnToolsVersion = 8.2.1;
						DevelopmentTeam = 4WU9L65MXB;
						ProvisioningStyle = Automatic;
						TestTargetID = 271DE3221E1419B1005E90E4;
					};
				};
			};
			buildConfigurationList = 271DE31E1E1419B1005E90E4 /* Build configuration list for PBXProject "CoreDataSwift3" */;
			compatibilityVersion = "Xcode 3.2";
			developmentRegion = English;
			hasScannedForEncodings = 0;
			knownRegions = (
				en,
				Base,
			);
			mainGroup = 271DE31A1E1419B1005E90E4;
			productRefGroup = 271DE3241E1419B2005E90E4 /* Products */;
			projectDirPath = "";
			projectRoot = "";
			targets = (
				271DE3221E1419B1005E90E4 /* CoreDataSwift3 */,
				271DE3391E1419B2005E90E4 /* CoreDataSwift3Tests */,
				271DE3441E1419B2005E90E4 /* CoreDataSwift3UITests */,
			);
		};
/* End PBXProject section */

/* Begin PBXResourcesBuildPhase section */
		271DE3211E1419B1005E90E4 /* Resources */ = {
			isa = PBXResourcesBuildPhase;
			buildActionMask = 2147483647;
			files = (
				271DE3341E1419B2005E90E4 /* LaunchScreen.storyboard in Resources */,
				271DE3311E1419B2005E90E4 /* Assets.xcassets in Resources */,
				271DE32C1E1419B2005E90E4 /* Main.storyboard in Resources */,
			);
			runOnlyForDeploymentPostprocessing = 0;
		};
		271DE3381E1419B2005E90E4 /* Resources */ = {
			isa = PBXResourcesBuildPhase;
			buildActionMask = 2147483647;
			files = (
			);
			runOnlyForDeploymentPostprocessing = 0;
		};
		271DE3431E1419B2005E90E4 /* Resources */ = {
			isa = PBXResourcesBuildPhase;
			buildActionMask = 2147483647;
			files = (
			);
			runOnlyForDeploymentPostprocessing = 0;
		};
/* End PBXResourcesBuildPhase section */

/* Begin PBXSourcesBuildPhase section */
		271DE31F1E1419B1005E90E4 /* Sources */ = {
			isa = PBXSourcesBuildPhase;
			buildActionMask = 2147483647;
			files = (
				271DE3291E1419B2005E90E4 /* ViewController.swift in Sources */,
				271DE32F1E1419B2005E90E4 /* CoreDataSwift3.xcdatamodeld in Sources */,
				271DE3271E1419B2005E90E4 /* AppDelegate.swift in Sources */,
			);
			runOnlyForDeploymentPostprocessing = 0;
		};
		271DE3361E1419B2005E90E4 /* Sources */ = {
			isa = PBXSourcesBuildPhase;
			buildActionMask = 2147483647;
			files = (
				271DE33F1E1419B2005E90E4 /* CoreDataSwift3Tests.swift in Sources */,
			);
			runOnlyForDeploymentPostprocessing = 0;
		};
		271DE3411E1419B2005E90E4 /* Sources */ = {
			isa = PBXSourcesBuildPhase;
			buildActionMask = 2147483647;
			files = (
				271DE34A1E1419B2005E90E4 /* CoreDataSwift3UITests.swift in Sources */,
			);
			runOnlyForDeploymentPostprocessing = 0;
		};
/* End PBXSourcesBuildPhase section */

/* Begin PBXTargetDependency section */
		271DE33C1E1419B2005E90E4 /* PBXTargetDependency */ = {
			isa = PBXTargetDependency;
			target = 271DE3221E1419B1005E90E4 /* CoreDataSwift3 */;
			targetProxy = 271DE33B1E1419B2005E90E4 /* PBXContainerItemProxy */;
		};
		271DE3471E1419B2005E90E4 /* PBXTargetDependency */ = {
			isa = PBXTargetDependency;
			target = 271DE3221E1419B1005E90E4 /* CoreDataSwift3 */;
			targetProxy = 271DE3461E1419B2005E90E4 /* PBXContainerItemProxy */;
		};
/* End PBXTargetDependency section */

/* Begin PBXVariantGroup section */
		271DE32A1E1419B2005E90E4 /* Main.storyboard */ = {
			isa = PBXVariantGroup;
			children = (
				271DE32B1E1419B2005E90E4 /* Base */,
			);
			name = Main.storyboard;
			sourceTree = "<group>";
		};
		271DE3321E1419B2005E90E4 /* LaunchScreen.storyboard */ = {
			isa = PBXVariantGroup;
			children = (
				271DE3331E1419B2005E90E4 /* Base */,
			);
			name = LaunchScreen.storyboard;
			sourceTree = "<group>";
		};
/* End PBXVariantGroup section */

/* Begin XCBuildConfiguration section */
		271DE34C1E1419B2005E90E4 /* Debug */ = {
			isa = XCBuildConfiguration;
			buildSettings = {
				ALWAYS_SEARCH_USER_PATHS = NO;
				CLANG_ANALYZER_NONNULL = YES;
				CLANG_CXX_LANGUAGE_STANDARD = "gnu++0x";
				CLANG_CXX_LIBRARY = "libc++";
				CLANG_ENABLE_MODULES = YES;
				CLANG_ENABLE_OBJC_ARC = YES;
				CLANG_WARN_BOOL_CONVERSION = YES;
				CLANG_WARN_CONSTANT_CONVERSION = YES;
				CLANG_WARN_DIRECT_OBJC_ISA_USAGE = YES_ERROR;
				CLANG_WARN_DOCUMENTATION_COMMENTS = YES;
				CLANG_WARN_EMPTY_BODY = YES;
				CLANG_WARN_ENUM_CONVERSION = YES;
				CLANG_WARN_INFINITE_RECURSION = YES;
				CLANG_WARN_INT_CONVERSION = YES;
				CLANG_WARN_OBJC_ROOT_CLASS = YES_ERROR;
				CLANG_WARN_SUSPICIOUS_MOVE = YES;
				CLANG_WARN_UNREACHABLE_CODE = YES;
				CLANG_WARN__DUPLICATE_METHOD_MATCH = YES;
				"CODE_SIGN_IDENTITY[sdk=iphoneos*]" = "iPhone Developer";
				COPY_PHASE_STRIP = NO;
				DEBUG_INFORMATION_FORMAT = dwarf;
				ENABLE_STRICT_OBJC_MSGSEND = YES;
				ENABLE_TESTABILITY = YES;
				GCC_C_LANGUAGE_STANDARD = gnu99;
				GCC_DYNAMIC_NO_PIC = NO;
				GCC_NO_COMMON_BLOCKS = YES;
				GCC_OPTIMIZATION_LEVEL = 0;
				GCC_PREPROCESSOR_DEFINITIONS = (
					"DEBUG=1",
					"$(inherited)",
				);
				GCC_WARN_64_TO_32_BIT_CONVERSION = YES;
				GCC_WARN_ABOUT_RETURN_TYPE = YES_ERROR;
				GCC_WARN_UNDECLARED_SELECTOR = YES;
				GCC_WARN_UNINITIALIZED_AUTOS = YES_AGGRESSIVE;
				GCC_WARN_UNUSED_FUNCTION = YES;
				GCC_WARN_UNUSED_VARIABLE = YES;
				IPHONEOS_DEPLOYMENT_TARGET = 10.2;
				MTL_ENABLE_DEBUG_INFO = YES;
				ONLY_ACTIVE_ARCH = YES;
				SDKROOT = iphoneos;
				SWIFT_ACTIVE_COMPILATION_CONDITIONS = DEBUG;
				SWIFT_OPTIMIZATION_LEVEL = "-Onone";
			};
			name = Debug;
		};
		271DE34D1E1419B2005E90E4 /* Release */ = {
			isa = XCBuildConfiguration;
			buildSettings = {
				ALWAYS_SEARCH_USER_PATHS = NO;
				CLANG_ANALYZER_NONNULL = YES;
				CLANG_CXX_LANGUAGE_STANDARD = "gnu++0x";
				CLANG_CXX_LIBRARY = "libc++";
				CLANG_ENABLE_MODULES = YES;
				CLANG_ENABLE_OBJC_ARC = YES;
				CLANG_WARN_BOOL_CONVERSION = YES;
				CLANG_WARN_CONSTANT_CONVERSION = YES;
				CLANG_WARN_DIRECT_OBJC_ISA_USAGE = YES_ERROR;
				CLANG_WARN_DOCUMENTATION_COMMENTS = YES;
				CLANG_WARN_EMPTY_BODY = YES;
				CLANG_WARN_ENUM_CONVERSION = YES;
				CLANG_WARN_INFINITE_RECURSION = YES;
				CLANG_WARN_INT_CONVERSION = YES;
				CLANG_WARN_OBJC_ROOT_CLASS = YES_ERROR;
				CLANG_WARN_SUSPICIOUS_MOVE = YES;
				CLANG_WARN_UNREACHABLE_CODE = YES;
				CLANG_WARN__DUPLICATE_METHOD_MATCH = YES;
				"CODE_SIGN_IDENTITY[sdk=iphoneos*]" = "iPhone Developer";
				COPY_PHASE_STRIP = NO;
				DEBUG_INFORMATION_FORMAT = "dwarf-with-dsym";
				ENABLE_NS_ASSERTIONS = NO;
				ENABLE_STRICT_OBJC_MSGSEND = YES;
				GCC_C_LANGUAGE_STANDARD = gnu99;
				GCC_NO_COMMON_BLOCKS = YES;
				GCC_WARN_64_TO_32_BIT_CONVERSION = YES;
				GCC_WARN_ABOUT_RETURN_TYPE = YES_ERROR;
				GCC_WARN_UNDECLARED_SELECTOR = YES;
				GCC_WARN_UNINITIALIZED_AUTOS = YES_AGGRESSIVE;
				GCC_WARN_UNUSED_FUNCTION = YES;
				GCC_WARN_UNUSED_VARIABLE = YES;
				IPHONEOS_DEPLOYMENT_TARGET = 10.2;
				MTL_ENABLE_DEBUG_INFO = NO;
				SDKROOT = iphoneos;
				SWIFT_OPTIMIZATION_LEVEL = "-Owholemodule";
				VALIDATE_PRODUCT = YES;
			};
			name = Release;
		};
		271DE34F1E1419B2005E90E4 /* Debug */ = {
			isa = XCBuildConfiguration;
			buildSettings = {
				ASSETCATALOG_COMPILER_APPICON_NAME = AppIcon;
				DEVELOPMENT_TEAM = 4WU9L65MXB;
				INFOPLIST_FILE = CoreDataSwift3/Info.plist;
				LD_RUNPATH_SEARCH_PATHS = "$(inherited) @executable_path/Frameworks";
				PRODUCT_BUNDLE_IDENTIFIER = "com.Chappy-App.CoreDataSwift3";
				PRODUCT_NAME = "$(TARGET_NAME)";
				SWIFT_VERSION = 3.0;
			};
			name = Debug;
		};
		271DE3501E1419B2005E90E4 /* Release */ = {
			isa = XCBuildConfiguration;
			buildSettings = {
				ASSETCATALOG_COMPILER_APPICON_NAME = AppIcon;
				DEVELOPMENT_TEAM = 4WU9L65MXB;
				INFOPLIST_FILE = CoreDataSwift3/Info.plist;
				LD_RUNPATH_SEARCH_PATHS = "$(inherited) @executable_path/Frameworks";
				PRODUCT_BUNDLE_IDENTIFIER = "com.Chappy-App.CoreDataSwift3";
				PRODUCT_NAME = "$(TARGET_NAME)";
				SWIFT_VERSION = 3.0;
			};
			name = Release;
		};
		271DE3521E1419B2005E90E4 /* Debug */ = {
			isa = XCBuildConfiguration;
			buildSettings = {
				ALWAYS_EMBED_SWIFT_STANDARD_LIBRARIES = YES;
				BUNDLE_LOADER = "$(TEST_HOST)";
				DEVELOPMENT_TEAM = 4WU9L65MXB;
				INFOPLIST_FILE = CoreDataSwift3Tests/Info.plist;
				LD_RUNPATH_SEARCH_PATHS = "$(inherited) @executable_path/Frameworks @loader_path/Frameworks";
				PRODUCT_BUNDLE_IDENTIFIER = "com.Chappy-App.CoreDataSwift3Tests";
				PRODUCT_NAME = "$(TARGET_NAME)";
				SWIFT_VERSION = 3.0;
				TEST_HOST = "$(BUILT_PRODUCTS_DIR)/CoreDataSwift3.app/CoreDataSwift3";
			};
			name = Debug;
		};
		271DE3531E1419B2005E90E4 /* Release */ = {
			isa = XCBuildConfiguration;
			buildSettings = {
				ALWAYS_EMBED_SWIFT_STANDARD_LIBRARIES = YES;
				BUNDLE_LOADER = "$(TEST_HOST)";
				DEVELOPMENT_TEAM = 4WU9L65MXB;
				INFOPLIST_FILE = CoreDataSwift3Tests/Info.plist;
				LD_RUNPATH_SEARCH_PATHS = "$(inherited) @executable_path/Frameworks @loader_path/Frameworks";
				PRODUCT_BUNDLE_IDENTIFIER = "com.Chappy-App.CoreDataSwift3Tests";
				PRODUCT_NAME = "$(TARGET_NAME)";
				SWIFT_VERSION = 3.0;
				TEST_HOST = "$(BUILT_PRODUCTS_DIR)/CoreDataSwift3.app/CoreDataSwift3";
			};
			name = Release;
		};
		271DE3551E1419B2005E90E4 /* Debug */ = {
			isa = XCBuildConfiguration;
			buildSettings = {
				ALWAYS_EMBED_SWIFT_STANDARD_LIBRARIES = YES;
				DEVELOPMENT_TEAM = 4WU9L65MXB;
				INFOPLIST_FILE = CoreDataSwift3UITests/Info.plist;
				LD_RUNPATH_SEARCH_PATHS = "$(inherited) @executable_path/Frameworks @loader_path/Frameworks";
				PRODUCT_BUNDLE_IDENTIFIER = "com.Chappy-App.CoreDataSwift3UITests";
				PRODUCT_NAME = "$(TARGET_NAME)";
				SWIFT_VERSION = 3.0;
				TEST_TARGET_NAME = CoreDataSwift3;
			};
			name = Debug;
		};
		271DE3561E1419B2005E90E4 /* Release */ = {
			isa = XCBuildConfiguration;
			buildSettings = {
				ALWAYS_EMBED_SWIFT_STANDARD_LIBRARIES = YES;
				DEVELOPMENT_TEAM = 4WU9L65MXB;
				INFOPLIST_FILE = CoreDataSwift3UITests/Info.plist;
				LD_RUNPATH_SEARCH_PATHS = "$(inherited) @executable_path/Frameworks @loader_path/Frameworks";
				PRODUCT_BUNDLE_IDENTIFIER = "com.Chappy-App.CoreDataSwift3UITests";
				PRODUCT_NAME = "$(TARGET_NAME)";
				SWIFT_VERSION = 3.0;
				TEST_TARGET_NAME = CoreDataSwift3;
			};
			name = Release;
		};
/* End XCBuildConfiguration section */

/* Begin XCConfigurationList section */
		271DE31E1E1419B1005E90E4 /* Build configuration list for PBXProject "CoreDataSwift3" */ = {
			isa = XCConfigurationList;
			buildConfigurations = (
				271DE34C1E1419B2005E90E4 /* Debug */,
				271DE34D1E1419B2005E90E4 /* Release */,
			);
			defaultConfigurationIsVisible = 0;
			defaultConfigurationName = Release;
		};
		271DE34E1E1419B2005E90E4 /* Build configuration list for PBXNativeTarget "CoreDataSwift3" */ = {
			isa = XCConfigurationList;
			buildConfigurations = (
				271DE34F1E1419B2005E90E4 /* Debug */,
				271DE3501E1419B2005E90E4 /* Release */,
			);
			defaultConfigurationIsVisible = 0;
		};
		271DE3511E1419B2005E90E4 /* Build configuration list for PBXNativeTarget "CoreDataSwift3Tests" */ = {
			isa = XCConfigurationList;
			buildConfigurations = (
				271DE3521E1419B2005E90E4 /* Debug */,
				271DE3531E1419B2005E90E4 /* Release */,
			);
			defaultConfigurationIsVisible = 0;
		};
		271DE3541E1419B2005E90E4 /* Build configuration list for PBXNativeTarget "CoreDataSwift3UITests" */ = {
			isa = XCConfigurationList;
			buildConfigurations = (
				271DE3551E1419B2005E90E4 /* Debug */,
				271DE3561E1419B2005E90E4 /* Release */,
			);
			defaultConfigurationIsVisible = 0;
		};
/* End XCConfigurationList section */

/* Begin XCVersionGroup section */
		271DE32D1E1419B2005E90E4 /* CoreDataSwift3.xcdatamodeld */ = {
			isa = XCVersionGroup;
			children = (
				271DE32E1E1419B2005E90E4 /* CoreDataSwift3.xcdatamodel */,
			);
			currentVersion = 271DE32E1E1419B2005E90E4 /* CoreDataSwift3.xcdatamodel */;
			path = CoreDataSwift3.xcdatamodeld;
			sourceTree = "<group>";
			versionGroupType = wrapper.xcdatamodel;
		};
/* End XCVersionGroup section */
	};
	rootObject = 271DE31B1E1419B1005E90E4 /* Project object */;
}
